// !$*UTF8*$!
{
	archiveVersion = 1;
	classes = {
	};
	objectVersion = 50;
	objects = {

/* Begin PBXBuildFile section */
		2B1D34F425D24D2400313282 /* AppDelegate.swift in Sources */ = {isa = PBXBuildFile; fileRef = 2B1D34F325D24D2400313282 /* AppDelegate.swift */; };
		2B1D34F625D24D2400313282 /* SceneDelegate.swift in Sources */ = {isa = PBXBuildFile; fileRef = 2B1D34F525D24D2400313282 /* SceneDelegate.swift */; };
		2B1D34F825D24D2400313282 /* ViewController.swift in Sources */ = {isa = PBXBuildFile; fileRef = 2B1D34F725D24D2400313282 /* ViewController.swift */; };
		2B1D34FB25D24D2400313282 /* Main.storyboard in Resources */ = {isa = PBXBuildFile; fileRef = 2B1D34F925D24D2400313282 /* Main.storyboard */; };
		2B1D34FD25D24D2600313282 /* Assets.xcassets in Resources */ = {isa = PBXBuildFile; fileRef = 2B1D34FC25D24D2600313282 /* Assets.xcassets */; };
		2B1D350025D24D2600313282 /* LaunchScreen.storyboard in Resources */ = {isa = PBXBuildFile; fileRef = 2B1D34FE25D24D2600313282 /* LaunchScreen.storyboard */; };
		2B1D350925D24D5600313282 /* Article.swift in Sources */ = {isa = PBXBuildFile; fileRef = 2B1D350825D24D5600313282 /* Article.swift */; };
		2B1D350C25D24F4F00313282 /* ArticleService.swift in Sources */ = {isa = PBXBuildFile; fileRef = 2B1D350B25D24F4F00313282 /* ArticleService.swift */; };
		2B1D350F25D24FC000313282 /* ArticleModel.swift in Sources */ = {isa = PBXBuildFile; fileRef = 2B1D350E25D24FC000313282 /* ArticleModel.swift */; };
		2B1D351225D27EBA00313282 /* DetailViewController.swift in Sources */ = {isa = PBXBuildFile; fileRef = 2B1D351125D27EBA00313282 /* DetailViewController.swift */; };
		2B1D351525D283CC00313282 /* ArticleCell.swift in Sources */ = {isa = PBXBuildFile; fileRef = 2B1D351425D283CC00313282 /* ArticleCell.swift */; };
		2B1D351825D29A7D00313282 /* CacheManager.swift in Sources */ = {isa = PBXBuildFile; fileRef = 2B1D351725D29A7D00313282 /* CacheManager.swift */; };
/* End PBXBuildFile section */

/* Begin PBXFileReference section */
		2B1D34F025D24D2400313282 /* NewsApp.app */ = {isa = PBXFileReference; explicitFileType = wrapper.application; includeInIndex = 0; path = NewsApp.app; sourceTree = BUILT_PRODUCTS_DIR; };
		2B1D34F325D24D2400313282 /* AppDelegate.swift */ = {isa = PBXFileReference; lastKnownFileType = sourcecode.swift; path = AppDelegate.swift; sourceTree = "<group>"; };
		2B1D34F525D24D2400313282 /* SceneDelegate.swift */ = {isa = PBXFileReference; lastKnownFileType = sourcecode.swift; path = SceneDelegate.swift; sourceTree = "<group>"; };
		2B1D34F725D24D2400313282 /* ViewController.swift */ = {isa = PBXFileReference; lastKnownFileType = sourcecode.swift; path = ViewController.swift; sourceTree = "<group>"; };
		2B1D34FA25D24D2400313282 /* Base */ = {isa = PBXFileReference; lastKnownFileType = file.storyboard; name = Base; path = Base.lproj/Main.storyboard; sourceTree = "<group>"; };
		2B1D34FC25D24D2600313282 /* Assets.xcassets */ = {isa = PBXFileReference; lastKnownFileType = folder.assetcatalog; path = Assets.xcassets; sourceTree = "<group>"; };
		2B1D34FF25D24D2600313282 /* Base */ = {isa = PBXFileReference; lastKnownFileType = file.storyboard; name = Base; path = Base.lproj/LaunchScreen.storyboard; sourceTree = "<group>"; };
		2B1D350125D24D2600313282 /* Info.plist */ = {isa = PBXFileReference; lastKnownFileType = text.plist.xml; path = Info.plist; sourceTree = "<group>"; };
		2B1D350825D24D5600313282 /* Article.swift */ = {isa = PBXFileReference; lastKnownFileType = sourcecode.swift; path = Article.swift; sourceTree = "<group>"; };
		2B1D350B25D24F4F00313282 /* ArticleService.swift */ = {isa = PBXFileReference; lastKnownFileType = sourcecode.swift; path = ArticleService.swift; sourceTree = "<group>"; };
		2B1D350E25D24FC000313282 /* ArticleModel.swift */ = {isa = PBXFileReference; lastKnownFileType = sourcecode.swift; path = ArticleModel.swift; sourceTree = "<group>"; };
		2B1D351125D27EBA00313282 /* DetailViewController.swift */ = {isa = PBXFileReference; lastKnownFileType = sourcecode.swift; path = DetailViewController.swift; sourceTree = "<group>"; };
		2B1D351425D283CC00313282 /* ArticleCell.swift */ = {isa = PBXFileReference; lastKnownFileType = sourcecode.swift; path = ArticleCell.swift; sourceTree = "<group>"; };
		2B1D351725D29A7D00313282 /* CacheManager.swift */ = {isa = PBXFileReference; lastKnownFileType = sourcecode.swift; path = CacheManager.swift; sourceTree = "<group>"; };
/* End PBXFileReference section */

/* Begin PBXFrameworksBuildPhase section */
		2B1D34ED25D24D2400313282 /* Frameworks */ = {
			isa = PBXFrameworksBuildPhase;
			buildActionMask = 2147483647;
			files = (
			);
			runOnlyForDeploymentPostprocessing = 0;
		};
/* End PBXFrameworksBuildPhase section */

/* Begin PBXGroup section */
		2B1D34E725D24D2400313282 = {
			isa = PBXGroup;
			children = (
				2B1D34F225D24D2400313282 /* NewsApp */,
				2B1D34F125D24D2400313282 /* Products */,
			);
			sourceTree = "<group>";
		};
		2B1D34F125D24D2400313282 /* Products */ = {
			isa = PBXGroup;
			children = (
				2B1D34F025D24D2400313282 /* NewsApp.app */,
			);
			name = Products;
			sourceTree = "<group>";
		};
		2B1D34F225D24D2400313282 /* NewsApp */ = {
			isa = PBXGroup;
			children = (
				2B1D34F325D24D2400313282 /* AppDelegate.swift */,
				2B1D34F525D24D2400313282 /* SceneDelegate.swift */,
				2B1D34F725D24D2400313282 /* ViewController.swift */,
				2B1D34F925D24D2400313282 /* Main.storyboard */,
				2B1D34FC25D24D2600313282 /* Assets.xcassets */,
				2B1D34FE25D24D2600313282 /* LaunchScreen.storyboard */,
				2B1D350125D24D2600313282 /* Info.plist */,
				2B1D350825D24D5600313282 /* Article.swift */,
				2B1D350B25D24F4F00313282 /* ArticleService.swift */,
				2B1D350E25D24FC000313282 /* ArticleModel.swift */,
				2B1D351125D27EBA00313282 /* DetailViewController.swift */,
				2B1D351425D283CC00313282 /* ArticleCell.swift */,
				2B1D351725D29A7D00313282 /* CacheManager.swift */,
			);
			path = NewsApp;
			sourceTree = "<group>";
		};
/* End PBXGroup section */

/* Begin PBXNativeTarget section */
		2B1D34EF25D24D2400313282 /* NewsApp */ = {
			isa = PBXNativeTarget;
			buildConfigurationList = 2B1D350425D24D2600313282 /* Build configuration list for PBXNativeTarget "NewsApp" */;
			buildPhases = (
				2B1D34EC25D24D2400313282 /* Sources */,
				2B1D34ED25D24D2400313282 /* Frameworks */,
				2B1D34EE25D24D2400313282 /* Resources */,
			);
			buildRules = (
			);
			dependencies = (
			);
			name = NewsApp;
			productName = NewsApp;
			productReference = 2B1D34F025D24D2400313282 /* NewsApp.app */;
			productType = "com.apple.product-type.application";
		};
/* End PBXNativeTarget section */

/* Begin PBXProject section */
		2B1D34E825D24D2400313282 /* Project object */ = {
			isa = PBXProject;
			attributes = {
				LastSwiftUpdateCheck = 1230;
				LastUpgradeCheck = 1230;
				TargetAttributes = {
					2B1D34EF25D24D2400313282 = {
						CreatedOnToolsVersion = 12.3;
					};
				};
			};
			buildConfigurationList = 2B1D34EB25D24D2400313282 /* Build configuration list for PBXProject "NewsApp" */;
			compatibilityVersion = "Xcode 9.3";
			developmentRegion = en;
			hasScannedForEncodings = 0;
			knownRegions = (
				en,
				Base,
			);
			mainGroup = 2B1D34E725D24D2400313282;
			productRefGroup = 2B1D34F125D24D2400313282 /* Products */;
			projectDirPath = "";
			projectRoot = "";
			targets = (
				2B1D34EF25D24D2400313282 /* NewsApp */,
			);
		};
/* End PBXProject section */

/* Begin PBXResourcesBuildPhase section */
		2B1D34EE25D24D2400313282 /* Resources */ = {
			isa = PBXResourcesBuildPhase;
			buildActionMask = 2147483647;
			files = (
				2B1D350025D24D2600313282 /* LaunchScreen.storyboard in Resources */,
				2B1D34FD25D24D2600313282 /* Assets.xcassets in Resources */,
				2B1D34FB25D24D2400313282 /* Main.storyboard in Resources */,
			);
			runOnlyForDeploymentPostprocessing = 0;
		};
/* End PBXResourcesBuildPhase section */

/* Begin PBXSourcesBuildPhase section */
		2B1D34EC25D24D2400313282 /* Sources */ = {
			isa = PBXSourcesBuildPhase;
			buildActionMask = 2147483647;
			files = (
				2B1D351525D283CC00313282 /* ArticleCell.swift in Sources */,
				2B1D351825D29A7D00313282 /* CacheManager.swift in Sources */,
				2B1D350C25D24F4F00313282 /* ArticleService.swift in Sources */,
				2B1D350925D24D5600313282 /* Article.swift in Sources */,
				2B1D34F825D24D2400313282 /* ViewController.swift in Sources */,
				2B1D34F425D24D2400313282 /* AppDelegate.swift in Sources */,
				2B1D350F25D24FC000313282 /* ArticleModel.swift in Sources */,
				2B1D34F625D24D2400313282 /* SceneDelegate.swift in Sources */,
				2B1D351225D27EBA00313282 /* DetailViewController.swift in Sources */,
			);
			runOnlyForDeploymentPostprocessing = 0;
		};
/* End PBXSourcesBuildPhase section */

/* Begin PBXVariantGroup section */
		2B1D34F925D24D2400313282 /* Main.storyboard */ = {
			isa = PBXVariantGroup;
			children = (
				2B1D34FA25D24D2400313282 /* Base */,
			);
			name = Main.storyboard;
			sourceTree = "<group>";
		};
		2B1D34FE25D24D2600313282 /* LaunchScreen.storyboard */ = {
			isa = PBXVariantGroup;
			children = (
				2B1D34FF25D24D2600313282 /* Base */,
			);
			name = LaunchScreen.storyboard;
			sourceTree = "<group>";
		};
/* End PBXVariantGroup section */

/* Begin XCBuildConfiguration section */
		2B1D350225D24D2600313282 /* Debug */ = {
			isa = XCBuildConfiguration;
			buildSettings = {
				ALWAYS_SEARCH_USER_PATHS = NO;
				CLANG_ANALYZER_NONNULL = YES;
				CLANG_ANALYZER_NUMBER_OBJECT_CONVERSION = YES_AGGRESSIVE;
				CLANG_CXX_LANGUAGE_STANDARD = "gnu++14";
				CLANG_CXX_LIBRARY = "libc++";
				CLANG_ENABLE_MODULES = YES;
				CLANG_ENABLE_OBJC_ARC = YES;
				CLANG_ENABLE_OBJC_WEAK = YES;
				CLANG_WARN_BLOCK_CAPTURE_AUTORELEASING = YES;
				CLANG_WARN_BOOL_CONVERSION = YES;
				CLANG_WARN_COMMA = YES;
				CLANG_WARN_CONSTANT_CONVERSION = YES;
				CLANG_WARN_DEPRECATED_OBJC_IMPLEMENTATIONS = YES;
				CLANG_WARN_DIRECT_OBJC_ISA_USAGE = YES_ERROR;
				CLANG_WARN_DOCUMENTATION_COMMENTS = YES;
				CLANG_WARN_EMPTY_BODY = YES;
				CLANG_WARN_ENUM_CONVERSION = YES;
				CLANG_WARN_INFINITE_RECURSION = YES;
				CLANG_WARN_INT_CONVERSION = YES;
				CLANG_WARN_NON_LITERAL_NULL_CONVERSION = YES;
				CLANG_WARN_OBJC_IMPLICIT_RETAIN_SELF = YES;
				CLANG_WARN_OBJC_LITERAL_CONVERSION = YES;
				CLANG_WARN_OBJC_ROOT_CLASS = YES_ERROR;
				CLANG_WARN_QUOTED_INCLUDE_IN_FRAMEWORK_HEADER = YES;
				CLANG_WARN_RANGE_LOOP_ANALYSIS = YES;
				CLANG_WARN_STRICT_PROTOTYPES = YES;
				CLANG_WARN_SUSPICIOUS_MOVE = YES;
				CLANG_WARN_UNGUARDED_AVAILABILITY = YES_AGGRESSIVE;
				CLANG_WARN_UNREACHABLE_CODE = YES;
				CLANG_WARN__DUPLICATE_METHOD_MATCH = YES;
				COPY_PHASE_STRIP = NO;
				DEBUG_INFORMATION_FORMAT = dwarf;
				ENABLE_STRICT_OBJC_MSGSEND = YES;
				ENABLE_TESTABILITY = YES;
				GCC_C_LANGUAGE_STANDARD = gnu11;
				GCC_DYNAMIC_NO_PIC = NO;
				GCC_NO_COMMON_BLOCKS = YES;
				GCC_OPTIMIZATION_LEVEL = 0;
				GCC_PREPROCESSOR_DEFINITIONS = (
					"DEBUG=1",
					"$(inherited)",
				);
				GCC_WARN_64_TO_32_BIT_CONVERSION = YES;
				GCC_WARN_ABOUT_RETURN_TYPE = YES_ERROR;
				GCC_WARN_UNDECLARED_SELECTOR = YES;
				GCC_WARN_UNINITIALIZED_AUTOS = YES_AGGRESSIVE;
				GCC_WARN_UNUSED_FUNCTION = YES;
				GCC_WARN_UNUSED_VARIABLE = YES;
				IPHONEOS_DEPLOYMENT_TARGET = 14.3;
				MTL_ENABLE_DEBUG_INFO = INCLUDE_SOURCE;
				MTL_FAST_MATH = YES;
				ONLY_ACTIVE_ARCH = YES;
				SDKROOT = iphoneos;
				SWIFT_ACTIVE_COMPILATION_CONDITIONS = DEBUG;
				SWIFT_OPTIMIZATION_LEVEL = "-Onone";
			};
			name = Debug;
		};
		2B1D350325D24D2600313282 /* Release */ = {
			isa = XCBuildConfiguration;
			buildSettings = {
				ALWAYS_SEARCH_USER_PATHS = NO;
				CLANG_ANALYZER_NONNULL = YES;
				CLANG_ANALYZER_NUMBER_OBJECT_CONVERSION = YES_AGGRESSIVE;
				CLANG_CXX_LANGUAGE_STANDARD = "gnu++14";
				CLANG_CXX_LIBRARY = "libc++";
				CLANG_ENABLE_MODULES = YES;
				CLANG_ENABLE_OBJC_ARC = YES;
				CLANG_ENABLE_OBJC_WEAK = YES;
				CLANG_WARN_BLOCK_CAPTURE_AUTORELEASING = YES;
				CLANG_WARN_BOOL_CONVERSION = YES;
				CLANG_WARN_COMMA = YES;
				CLANG_WARN_CONSTANT_CONVERSION = YES;
				CLANG_WARN_DEPRECATED_OBJC_IMPLEMENTATIONS = YES;
				CLANG_WARN_DIRECT_OBJC_ISA_USAGE = YES_ERROR;
				CLANG_WARN_DOCUMENTATION_COMMENTS = YES;
				CLANG_WARN_EMPTY_BODY = YES;
				CLANG_WARN_ENUM_CONVERSION = YES;
				CLANG_WARN_INFINITE_RECURSION = YES;
				CLANG_WARN_INT_CONVERSION = YES;
				CLANG_WARN_NON_LITERAL_NULL_CONVERSION = YES;
				CLANG_WARN_OBJC_IMPLICIT_RETAIN_SELF = YES;
				CLANG_WARN_OBJC_LITERAL_CONVERSION = YES;
				CLANG_WARN_OBJC_ROOT_CLASS = YES_ERROR;
				CLANG_WARN_QUOTED_INCLUDE_IN_FRAMEWORK_HEADER = YES;
				CLANG_WARN_RANGE_LOOP_ANALYSIS = YES;
				CLANG_WARN_STRICT_PROTOTYPES = YES;
				CLANG_WARN_SUSPICIOUS_MOVE = YES;
				CLANG_WARN_UNGUARDED_AVAILABILITY = YES_AGGRESSIVE;
				CLANG_WARN_UNREACHABLE_CODE = YES;
				CLANG_WARN__DUPLICATE_METHOD_MATCH = YES;
				COPY_PHASE_STRIP = NO;
				DEBUG_INFORMATION_FORMAT = "dwarf-with-dsym";
				ENABLE_NS_ASSERTIONS = NO;
				ENABLE_STRICT_OBJC_MSGSEND = YES;
				GCC_C_LANGUAGE_STANDARD = gnu11;
				GCC_NO_COMMON_BLOCKS = YES;
				GCC_WARN_64_TO_32_BIT_CONVERSION = YES;
				GCC_WARN_ABOUT_RETURN_TYPE = YES_ERROR;
				GCC_WARN_UNDECLARED_SELECTOR = YES;
				GCC_WARN_UNINITIALIZED_AUTOS = YES_AGGRESSIVE;
				GCC_WARN_UNUSED_FUNCTION = YES;
				GCC_WARN_UNUSED_VARIABLE = YES;
				IPHONEOS_DEPLOYMENT_TARGET = 14.3;
				MTL_ENABLE_DEBUG_INFO = NO;
				MTL_FAST_MATH = YES;
				SDKROOT = iphoneos;
				SWIFT_COMPILATION_MODE = wholemodule;
				SWIFT_OPTIMIZATION_LEVEL = "-O";
				VALIDATE_PRODUCT = YES;
			};
			name = Release;
		};
		2B1D350525D24D2600313282 /* Debug */ = {
			isa = XCBuildConfiguration;
			buildSettings = {
				ASSETCATALOG_COMPILER_APPICON_NAME = AppIcon;
				ASSETCATALOG_COMPILER_GLOBAL_ACCENT_COLOR_NAME = AccentColor;
				CODE_SIGN_STYLE = Automatic;
				INFOPLIST_FILE = NewsApp/Info.plist;
				LD_RUNPATH_SEARCH_PATHS = (
					"$(inherited)",
					"@executable_path/Frameworks",
				);
				PRODUCT_BUNDLE_IDENTIFIER = com.paragpawar.NewsApp;
				PRODUCT_NAME = "$(TARGET_NAME)";
				SWIFT_VERSION = 5.0;
				TARGETED_DEVICE_FAMILY = "1,2";
			};
			name = Debug;
		};
		2B1D350625D24D2600313282 /* Release */ = {
			isa = XCBuildConfiguration;
			buildSettings = {
				ASSETCATALOG_COMPILER_APPICON_NAME = AppIcon;
				ASSETCATALOG_COMPILER_GLOBAL_ACCENT_COLOR_NAME = AccentColor;
				CODE_SIGN_STYLE = Automatic;
				INFOPLIST_FILE = NewsApp/Info.plist;
				LD_RUNPATH_SEARCH_PATHS = (
					"$(inherited)",
					"@executable_path/Frameworks",
				);
				PRODUCT_BUNDLE_IDENTIFIER = com.paragpawar.NewsApp;
				PRODUCT_NAME = "$(TARGET_NAME)";
				SWIFT_VERSION = 5.0;
				TARGETED_DEVICE_FAMILY = "1,2";
			};
			name = Release;
		};
/* End XCBuildConfiguration section */

/* Begin XCConfigurationList section */
		2B1D34EB25D24D2400313282 /* Build configuration list for PBXProject "NewsApp" */ = {
			isa = XCConfigurationList;
			buildConfigurations = (
				2B1D350225D24D2600313282 /* Debug */,
				2B1D350325D24D2600313282 /* Release */,
			);
			defaultConfigurationIsVisible = 0;
			defaultConfigurationName = Release;
		};
		2B1D350425D24D2600313282 /* Build configuration list for PBXNativeTarget "NewsApp" */ = {
			isa = XCConfigurationList;
			buildConfigurations = (
				2B1D350525D24D2600313282 /* Debug */,
				2B1D350625D24D2600313282 /* Release */,
			);
			defaultConfigurationIsVisible = 0;
			defaultConfigurationName = Release;
		};
/* End XCConfigurationList section */
	};
	rootObject = 2B1D34E825D24D2400313282 /* Project object */;
}
